{
  "name": "@tetsuo/future-logging-ts",
  "version": "0.1.0",
  "lockfileVersion": 1,
  "requires": true,
  "dependencies": {
    "fp-ts": {
      "version": "2.6.2",
      "resolved": "https://registry.npmjs.org/fp-ts/-/fp-ts-2.6.2.tgz",
      "integrity": "sha512-RUm0iNcD7eMFZo6W1K10kqi0DyYX06lbbjyNgKwEWg1kPZw91ZXlkEx/9cII1x/jY4fHzh14+Hquk5sJnXBzQA=="
    },
    "fp-ts-fluture": {
      "version": "0.6.5",
      "resolved": "https://registry.npmjs.org/fp-ts-fluture/-/fp-ts-fluture-0.6.5.tgz",
      "integrity": "sha512-2AJvhqoq+ZruBhJc5/s6DvC4G/E5BUroS8StXHuz6FmHTek2OdtBFXK3Kg/kxQFIgmxAgEgoBiCv9EF3vQddWg=="
    },
    "logging-ts": {
      "version": "0.3.3",
      "resolved": "https://registry.npmjs.org/logging-ts/-/logging-ts-0.3.3.tgz",
      "integrity": "sha512-tdwtfZxrHFrnlP3QcZOYz2ilr2yXwcyRgUtUSOXiWXJQajx2jCzy7l98wUVBdev25WIkeXYH86lmidoCKGwoaw=="
    },
    "typescript": {
      "version": "3.9.3",
      "resolved": "https://registry.npmjs.org/typescript/-/typescript-3.9.3.tgz",
      "integrity": "sha512-D/wqnB2xzNFIcoBG9FG8cXRDjiqSTbG2wd8DMZeQyJlP1vfTkIxH4GKveWaEBYySKIg+USu+E+EDIR47SqnaMQ==",
      "dev": true
    }
  }
}
