{
  "name": "@tetsuo/future-logging-ts",
  "version": "0.1.0",
  "lockfileVersion": 1,
  "requires": true,
  "dependencies": {
    "fluture": {
      "version": "12.2.1",
      "resolved": "https://registry.npmjs.org/fluture/-/fluture-12.2.1.tgz",
      "integrity": "sha512-SdfD52qioodjij8hZqkHys30s9Cvr4Oyb/2Xqf4rjvDOigHjP2v18fNS8Pl+0NnjZ9G4DYKv5/bEItNs2zfixg==",
      "dev": true,
      "requires": {
        "sanctuary-show": "^2.0.0",
        "sanctuary-type-identifiers": "^3.0.0"
      }
    },
    "fp-ts": {
      "version": "2.6.2",
      "resolved": "https://registry.npmjs.org/fp-ts/-/fp-ts-2.6.2.tgz",
      "integrity": "sha512-RUm0iNcD7eMFZo6W1K10kqi0DyYX06lbbjyNgKwEWg1kPZw91ZXlkEx/9cII1x/jY4fHzh14+Hquk5sJnXBzQA=="
    },
    "fp-ts-fluture": {
      "version": "0.6.5",
      "resolved": "https://registry.npmjs.org/fp-ts-fluture/-/fp-ts-fluture-0.6.5.tgz",
      "integrity": "sha512-2AJvhqoq+ZruBhJc5/s6DvC4G/E5BUroS8StXHuz6FmHTek2OdtBFXK3Kg/kxQFIgmxAgEgoBiCv9EF3vQddWg=="
    },
    "logging-ts": {
      "version": "0.3.3",
      "resolved": "https://registry.npmjs.org/logging-ts/-/logging-ts-0.3.3.tgz",
      "integrity": "sha512-tdwtfZxrHFrnlP3QcZOYz2ilr2yXwcyRgUtUSOXiWXJQajx2jCzy7l98wUVBdev25WIkeXYH86lmidoCKGwoaw=="
    },
    "sanctuary-show": {
      "version": "2.0.0",
      "resolved": "https://registry.npmjs.org/sanctuary-show/-/sanctuary-show-2.0.0.tgz",
      "integrity": "sha512-REj4ZiioUXnDLj6EpJ9HcYDIEGaEexmB9Fg5o6InZR9f0x5PfnnC21QeU9SZ9E7G8zXSZPNjy8VRUK4safbesw==",
      "dev": true
    },
    "sanctuary-type-identifiers": {
      "version": "3.0.0",
      "resolved": "https://registry.npmjs.org/sanctuary-type-identifiers/-/sanctuary-type-identifiers-3.0.0.tgz",
      "integrity": "sha512-YFXYcG0Ura1dSPd/1xLYtE2XAWUEsBHhMTZvYBOvwT8MeFQwdUOCMm2DC+r94z6H93FVq0qxDac8/D7QpJj6Mg==",
      "dev": true
    },
    "typescript": {
      "version": "3.9.3",
      "resolved": "https://registry.npmjs.org/typescript/-/typescript-3.9.3.tgz",
      "integrity": "sha512-D/wqnB2xzNFIcoBG9FG8cXRDjiqSTbG2wd8DMZeQyJlP1vfTkIxH4GKveWaEBYySKIg+USu+E+EDIR47SqnaMQ==",
      "dev": true
    }
  }
}
